
Microsoft Visual Studio Solution File, Format Version 12.00
# Visual Studio 15
VisualStudioVersion = 15.0.26730.12
MinimumVisualStudioVersion = 10.0.40219.1
Project("{FAE04EC0-301F-11D3-BF4B-00C04F79EFBC}") = "TestMaximumMTConnections", "TestMaximumMTConnections\TestMaximumMTConnections.csproj", "{898BE433-4703-41D3-A19A-5E315A7F9D0C}"
EndProject
Global
	GlobalSection(SolutionConfigurationPlatforms) = preSolution
		Debug|Any CPU = Debug|Any CPU
		Release|Any CPU = Release|Any CPU
	EndGlobalSection
	GlobalSection(ProjectConfigurationPlatforms) = postSolution
		{898BE433-4703-41D3-A19A-5E315A7F9D0C}.Debug|Any CPU.ActiveCfg = Debug|Any CPU
		{898BE433-4703-41D3-A19A-5E315A7F9D0C}.Debug|Any CPU.Build.0 = Debug|Any CPU
		{898BE433-4703-41D3-A19A-5E315A7F9D0C}.Release|Any CPU.ActiveCfg = Release|Any CPU
		{898BE433-4703-41D3-A19A-5E315A7F9D0C}.Release|Any CPU.Build.0 = Release|Any CPU
	EndGlobalSection
	GlobalSection(SolutionProperties) = preSolution
		HideSolutionNode = FALSE
	EndGlobalSection
	GlobalSection(ExtensibilityGlobals) = postSolution
		SolutionGuid = {3B13BC49-81EB-42AA-8D3F-38F0AB169209}
	EndGlobalSection
EndGlobal
